// !$*UTF8*$!
{
	archiveVersion = 1;
	classes = {
	};
	objectVersion = 46;
	objects = {

/* Begin PBXBuildFile section */
		2B3F41271A01839900DC4F46 /* AppDelegate.swift in Sources */ = {isa = PBXBuildFile; fileRef = 2B3F41261A01839900DC4F46 /* AppDelegate.swift */; };
		2B3F412E1A01839900DC4F46 /* Main.storyboard in Resources */ = {isa = PBXBuildFile; fileRef = 2B3F412C1A01839900DC4F46 /* Main.storyboard */; };
		2B3F41301A01839900DC4F46 /* Images.xcassets in Resources */ = {isa = PBXBuildFile; fileRef = 2B3F412F1A01839900DC4F46 /* Images.xcassets */; };
		2B3F41331A01839900DC4F46 /* LaunchScreen.xib in Resources */ = {isa = PBXBuildFile; fileRef = 2B3F41311A01839900DC4F46 /* LaunchScreen.xib */; };
		2B3F413F1A01839900DC4F46 /* WAT_You_HaveTests.swift in Sources */ = {isa = PBXBuildFile; fileRef = 2B3F413E1A01839900DC4F46 /* WAT_You_HaveTests.swift */; };
		2B3F41491A01860400DC4F46 /* InventoryViewController.swift in Sources */ = {isa = PBXBuildFile; fileRef = 2B3F41481A01860400DC4F46 /* InventoryViewController.swift */; };
		2B3F414B1A018BA300DC4F46 /* AddItemViewController.swift in Sources */ = {isa = PBXBuildFile; fileRef = 2B3F414A1A018BA300DC4F46 /* AddItemViewController.swift */; };
/* End PBXBuildFile section */

/* Begin PBXContainerItemProxy section */
		2B3F41391A01839900DC4F46 /* PBXContainerItemProxy */ = {
			isa = PBXContainerItemProxy;
			containerPortal = 2B3F41191A01839900DC4F46 /* Project object */;
			proxyType = 1;
			remoteGlobalIDString = 2B3F41201A01839900DC4F46;
			remoteInfo = "WAT You Have";
		};
/* End PBXContainerItemProxy section */

/* Begin PBXFileReference section */
		2B3F41211A01839900DC4F46 /* WAT You Have.app */ = {isa = PBXFileReference; explicitFileType = wrapper.application; includeInIndex = 0; path = "WAT You Have.app"; sourceTree = BUILT_PRODUCTS_DIR; };
		2B3F41251A01839900DC4F46 /* Info.plist */ = {isa = PBXFileReference; lastKnownFileType = text.plist.xml; path = Info.plist; sourceTree = "<group>"; };
		2B3F41261A01839900DC4F46 /* AppDelegate.swift */ = {isa = PBXFileReference; lastKnownFileType = sourcecode.swift; path = AppDelegate.swift; sourceTree = "<group>"; };
		2B3F412D1A01839900DC4F46 /* Base */ = {isa = PBXFileReference; lastKnownFileType = file.storyboard; name = Base; path = Base.lproj/Main.storyboard; sourceTree = "<group>"; };
		2B3F412F1A01839900DC4F46 /* Images.xcassets */ = {isa = PBXFileReference; lastKnownFileType = folder.assetcatalog; path = Images.xcassets; sourceTree = "<group>"; };
		2B3F41321A01839900DC4F46 /* Base */ = {isa = PBXFileReference; lastKnownFileType = file.xib; name = Base; path = Base.lproj/LaunchScreen.xib; sourceTree = "<group>"; };
		2B3F41381A01839900DC4F46 /* WAT You HaveTests.xctest */ = {isa = PBXFileReference; explicitFileType = wrapper.cfbundle; includeInIndex = 0; path = "WAT You HaveTests.xctest"; sourceTree = BUILT_PRODUCTS_DIR; };
		2B3F413D1A01839900DC4F46 /* Info.plist */ = {isa = PBXFileReference; lastKnownFileType = text.plist.xml; path = Info.plist; sourceTree = "<group>"; };
		2B3F413E1A01839900DC4F46 /* WAT_You_HaveTests.swift */ = {isa = PBXFileReference; lastKnownFileType = sourcecode.swift; path = WAT_You_HaveTests.swift; sourceTree = "<group>"; };
		2B3F41481A01860400DC4F46 /* InventoryViewController.swift */ = {isa = PBXFileReference; fileEncoding = 4; lastKnownFileType = sourcecode.swift; path = InventoryViewController.swift; sourceTree = "<group>"; };
		2B3F414A1A018BA300DC4F46 /* AddItemViewController.swift */ = {isa = PBXFileReference; fileEncoding = 4; lastKnownFileType = sourcecode.swift; path = AddItemViewController.swift; sourceTree = "<group>"; };
/* End PBXFileReference section */

/* Begin PBXFrameworksBuildPhase section */
		2B3F411E1A01839900DC4F46 /* Frameworks */ = {
			isa = PBXFrameworksBuildPhase;
			buildActionMask = 2147483647;
			files = (
			);
			runOnlyForDeploymentPostprocessing = 0;
		};
		2B3F41351A01839900DC4F46 /* Frameworks */ = {
			isa = PBXFrameworksBuildPhase;
			buildActionMask = 2147483647;
			files = (
			);
			runOnlyForDeploymentPostprocessing = 0;
		};
/* End PBXFrameworksBuildPhase section */

/* Begin PBXGroup section */
		2B3F41181A01839900DC4F46 = {
			isa = PBXGroup;
			children = (
				2B3F41231A01839900DC4F46 /* WAT You Have */,
				2B3F413B1A01839900DC4F46 /* WAT You HaveTests */,
				2B3F41221A01839900DC4F46 /* Products */,
			);
			sourceTree = "<group>";
		};
		2B3F41221A01839900DC4F46 /* Products */ = {
			isa = PBXGroup;
			children = (
				2B3F41211A01839900DC4F46 /* WAT You Have.app */,
				2B3F41381A01839900DC4F46 /* WAT You HaveTests.xctest */,
			);
			name = Products;
			sourceTree = "<group>";
		};
		2B3F41231A01839900DC4F46 /* WAT You Have */ = {
			isa = PBXGroup;
			children = (
				2B3F41261A01839900DC4F46 /* AppDelegate.swift */,
				2B3F412C1A01839900DC4F46 /* Main.storyboard */,
				2B3F414A1A018BA300DC4F46 /* AddItemViewController.swift */,
				2B3F41481A01860400DC4F46 /* InventoryViewController.swift */,
				2B3F412F1A01839900DC4F46 /* Images.xcassets */,
				2B3F41311A01839900DC4F46 /* LaunchScreen.xib */,
				2B3F41241A01839900DC4F46 /* Supporting Files */,
			);
			path = "WAT You Have";
			sourceTree = "<group>";
		};
		2B3F41241A01839900DC4F46 /* Supporting Files */ = {
			isa = PBXGroup;
			children = (
				2B3F41251A01839900DC4F46 /* Info.plist */,
			);
			name = "Supporting Files";
			sourceTree = "<group>";
		};
		2B3F413B1A01839900DC4F46 /* WAT You HaveTests */ = {
			isa = PBXGroup;
			children = (
				2B3F413E1A01839900DC4F46 /* WAT_You_HaveTests.swift */,
				2B3F413C1A01839900DC4F46 /* Supporting Files */,
			);
			path = "WAT You HaveTests";
			sourceTree = "<group>";
		};
		2B3F413C1A01839900DC4F46 /* Supporting Files */ = {
			isa = PBXGroup;
			children = (
				2B3F413D1A01839900DC4F46 /* Info.plist */,
			);
			name = "Supporting Files";
			sourceTree = "<group>";
		};
/* End PBXGroup section */

/* Begin PBXNativeTarget section */
		2B3F41201A01839900DC4F46 /* WAT You Have */ = {
			isa = PBXNativeTarget;
			buildConfigurationList = 2B3F41421A01839900DC4F46 /* Build configuration list for PBXNativeTarget "WAT You Have" */;
			buildPhases = (
				2B3F411D1A01839900DC4F46 /* Sources */,
				2B3F411E1A01839900DC4F46 /* Frameworks */,
				2B3F411F1A01839900DC4F46 /* Resources */,
			);
			buildRules = (
			);
			dependencies = (
			);
			name = "WAT You Have";
			productName = "WAT You Have";
			productReference = 2B3F41211A01839900DC4F46 /* WAT You Have.app */;
			productType = "com.apple.product-type.application";
		};
		2B3F41371A01839900DC4F46 /* WAT You HaveTests */ = {
			isa = PBXNativeTarget;
			buildConfigurationList = 2B3F41451A01839900DC4F46 /* Build configuration list for PBXNativeTarget "WAT You HaveTests" */;
			buildPhases = (
				2B3F41341A01839900DC4F46 /* Sources */,
				2B3F41351A01839900DC4F46 /* Frameworks */,
				2B3F41361A01839900DC4F46 /* Resources */,
			);
			buildRules = (
			);
			dependencies = (
				2B3F413A1A01839900DC4F46 /* PBXTargetDependency */,
			);
			name = "WAT You HaveTests";
			productName = "WAT You HaveTests";
			productReference = 2B3F41381A01839900DC4F46 /* WAT You HaveTests.xctest */;
			productType = "com.apple.product-type.bundle.unit-test";
		};
/* End PBXNativeTarget section */

/* Begin PBXProject section */
		2B3F41191A01839900DC4F46 /* Project object */ = {
			isa = PBXProject;
			attributes = {
				LastUpgradeCheck = 0610;
				ORGANIZATIONNAME = WAT;
				TargetAttributes = {
					2B3F41201A01839900DC4F46 = {
						CreatedOnToolsVersion = 6.1;
					};
					2B3F41371A01839900DC4F46 = {
						CreatedOnToolsVersion = 6.1;
						TestTargetID = 2B3F41201A01839900DC4F46;
					};
				};
			};
			buildConfigurationList = 2B3F411C1A01839900DC4F46 /* Build configuration list for PBXProject "WAT You Have" */;
			compatibilityVersion = "Xcode 3.2";
			developmentRegion = English;
			hasScannedForEncodings = 0;
			knownRegions = (
				en,
				Base,
			);
			mainGroup = 2B3F41181A01839900DC4F46;
			productRefGroup = 2B3F41221A01839900DC4F46 /* Products */;
			projectDirPath = "";
			projectRoot = "";
			targets = (
				2B3F41201A01839900DC4F46 /* WAT You Have */,
				2B3F41371A01839900DC4F46 /* WAT You HaveTests */,
			);
		};
/* End PBXProject section */

/* Begin PBXResourcesBuildPhase section */
		2B3F411F1A01839900DC4F46 /* Resources */ = {
			isa = PBXResourcesBuildPhase;
			buildActionMask = 2147483647;
			files = (
				2B3F412E1A01839900DC4F46 /* Main.storyboard in Resources */,
				2B3F41331A01839900DC4F46 /* LaunchScreen.xib in Resources */,
				2B3F41301A01839900DC4F46 /* Images.xcassets in Resources */,
			);
			runOnlyForDeploymentPostprocessing = 0;
		};
		2B3F41361A01839900DC4F46 /* Resources */ = {
			isa = PBXResourcesBuildPhase;
			buildActionMask = 2147483647;
			files = (
			);
			runOnlyForDeploymentPostprocessing = 0;
		};
/* End PBXResourcesBuildPhase section */

/* Begin PBXSourcesBuildPhase section */
		2B3F411D1A01839900DC4F46 /* Sources */ = {
			isa = PBXSourcesBuildPhase;
			buildActionMask = 2147483647;
			files = (
				2B3F41271A01839900DC4F46 /* AppDelegate.swift in Sources */,
				2B3F41491A01860400DC4F46 /* InventoryViewController.swift in Sources */,
				2B3F414B1A018BA300DC4F46 /* AddItemViewController.swift in Sources */,
			);
			runOnlyForDeploymentPostprocessing = 0;
		};
		2B3F41341A01839900DC4F46 /* Sources */ = {
			isa = PBXSourcesBuildPhase;
			buildActionMask = 2147483647;
			files = (
				2B3F413F1A01839900DC4F46 /* WAT_You_HaveTests.swift in Sources */,
			);
			runOnlyForDeploymentPostprocessing = 0;
		};
/* End PBXSourcesBuildPhase section */

/* Begin PBXTargetDependency section */
		2B3F413A1A01839900DC4F46 /* PBXTargetDependency */ = {
			isa = PBXTargetDependency;
			target = 2B3F41201A01839900DC4F46 /* WAT You Have */;
			targetProxy = 2B3F41391A01839900DC4F46 /* PBXContainerItemProxy */;
		};
/* End PBXTargetDependency section */

/* Begin PBXVariantGroup section */
		2B3F412C1A01839900DC4F46 /* Main.storyboard */ = {
			isa = PBXVariantGroup;
			children = (
				2B3F412D1A01839900DC4F46 /* Base */,
			);
			name = Main.storyboard;
			sourceTree = "<group>";
		};
		2B3F41311A01839900DC4F46 /* LaunchScreen.xib */ = {
			isa = PBXVariantGroup;
			children = (
				2B3F41321A01839900DC4F46 /* Base */,
			);
			name = LaunchScreen.xib;
			sourceTree = "<group>";
		};
/* End PBXVariantGroup section */

/* Begin XCBuildConfiguration section */
		2B3F41401A01839900DC4F46 /* Debug */ = {
			isa = XCBuildConfiguration;
			buildSettings = {
				ALWAYS_SEARCH_USER_PATHS = NO;
				CLANG_CXX_LANGUAGE_STANDARD = "gnu++0x";
				CLANG_CXX_LIBRARY = "libc++";
				CLANG_ENABLE_MODULES = YES;
				CLANG_ENABLE_OBJC_ARC = YES;
				CLANG_WARN_BOOL_CONVERSION = YES;
				CLANG_WARN_CONSTANT_CONVERSION = YES;
				CLANG_WARN_DIRECT_OBJC_ISA_USAGE = YES_ERROR;
				CLANG_WARN_EMPTY_BODY = YES;
				CLANG_WARN_ENUM_CONVERSION = YES;
				CLANG_WARN_INT_CONVERSION = YES;
				CLANG_WARN_OBJC_ROOT_CLASS = YES_ERROR;
				CLANG_WARN_UNREACHABLE_CODE = YES;
				CLANG_WARN__DUPLICATE_METHOD_MATCH = YES;
				"CODE_SIGN_IDENTITY[sdk=iphoneos*]" = "iPhone Developer";
				COPY_PHASE_STRIP = NO;
				ENABLE_STRICT_OBJC_MSGSEND = YES;
				GCC_C_LANGUAGE_STANDARD = gnu99;
				GCC_DYNAMIC_NO_PIC = NO;
				GCC_OPTIMIZATION_LEVEL = 0;
				GCC_PREPROCESSOR_DEFINITIONS = (
					"DEBUG=1",
					"$(inherited)",
				);
				GCC_SYMBOLS_PRIVATE_EXTERN = NO;
				GCC_WARN_64_TO_32_BIT_CONVERSION = YES;
				GCC_WARN_ABOUT_RETURN_TYPE = YES_ERROR;
				GCC_WARN_UNDECLARED_SELECTOR = YES;
				GCC_WARN_UNINITIALIZED_AUTOS = YES_AGGRESSIVE;
				GCC_WARN_UNUSED_FUNCTION = YES;
				GCC_WARN_UNUSED_VARIABLE = YES;
				IPHONEOS_DEPLOYMENT_TARGET = 8.1;
				MTL_ENABLE_DEBUG_INFO = YES;
				ONLY_ACTIVE_ARCH = YES;
				SDKROOT = iphoneos;
				SWIFT_OPTIMIZATION_LEVEL = "-Onone";
				TARGETED_DEVICE_FAMILY = "1,2";
			};
			name = Debug;
		};
		2B3F41411A01839900DC4F46 /* Release */ = {
			isa = XCBuildConfiguration;
			buildSettings = {
				ALWAYS_SEARCH_USER_PATHS = NO;
				CLANG_CXX_LANGUAGE_STANDARD = "gnu++0x";
				CLANG_CXX_LIBRARY = "libc++";
				CLANG_ENABLE_MODULES = YES;
				CLANG_ENABLE_OBJC_ARC = YES;
				CLANG_WARN_BOOL_CONVERSION = YES;
				CLANG_WARN_CONSTANT_CONVERSION = YES;
				CLANG_WARN_DIRECT_OBJC_ISA_USAGE = YES_ERROR;
				CLANG_WARN_EMPTY_BODY = YES;
				CLANG_WARN_ENUM_CONVERSION = YES;
				CLANG_WARN_INT_CONVERSION = YES;
				CLANG_WARN_OBJC_ROOT_CLASS = YES_ERROR;
				CLANG_WARN_UNREACHABLE_CODE = YES;
				CLANG_WARN__DUPLICATE_METHOD_MATCH = YES;
				"CODE_SIGN_IDENTITY[sdk=iphoneos*]" = "iPhone Developer";
				COPY_PHASE_STRIP = YES;
				ENABLE_NS_ASSERTIONS = NO;
				ENABLE_STRICT_OBJC_MSGSEND = YES;
				GCC_C_LANGUAGE_STANDARD = gnu99;
				GCC_WARN_64_TO_32_BIT_CONVERSION = YES;
				GCC_WARN_ABOUT_RETURN_TYPE = YES_ERROR;
				GCC_WARN_UNDECLARED_SELECTOR = YES;
				GCC_WARN_UNINITIALIZED_AUTOS = YES_AGGRESSIVE;
				GCC_WARN_UNUSED_FUNCTION = YES;
				GCC_WARN_UNUSED_VARIABLE = YES;
				IPHONEOS_DEPLOYMENT_TARGET = 8.1;
				MTL_ENABLE_DEBUG_INFO = NO;
				SDKROOT = iphoneos;
				TARGETED_DEVICE_FAMILY = "1,2";
				VALIDATE_PRODUCT = YES;
			};
			name = Release;
		};
		2B3F41431A01839900DC4F46 /* Debug */ = {
			isa = XCBuildConfiguration;
			buildSettings = {
				ASSETCATALOG_COMPILER_APPICON_NAME = AppIcon;
				INFOPLIST_FILE = "WAT You Have/Info.plist";
				LD_RUNPATH_SEARCH_PATHS = "$(inherited) @executable_path/Frameworks";
				PRODUCT_NAME = "$(TARGET_NAME)";
			};
			name = Debug;
		};
		2B3F41441A01839900DC4F46 /* Release */ = {
			isa = XCBuildConfiguration;
			buildSettings = {
				ASSETCATALOG_COMPILER_APPICON_NAME = AppIcon;
				INFOPLIST_FILE = "WAT You Have/Info.plist";
				LD_RUNPATH_SEARCH_PATHS = "$(inherited) @executable_path/Frameworks";
				PRODUCT_NAME = "$(TARGET_NAME)";
			};
			name = Release;
		};
		2B3F41461A01839900DC4F46 /* Debug */ = {
			isa = XCBuildConfiguration;
			buildSettings = {
				BUNDLE_LOADER = "$(TEST_HOST)";
				FRAMEWORK_SEARCH_PATHS = (
					"$(SDKROOT)/Developer/Library/Frameworks",
					"$(inherited)",
				);
				GCC_PREPROCESSOR_DEFINITIONS = (
					"DEBUG=1",
					"$(inherited)",
				);
				INFOPLIST_FILE = "WAT You HaveTests/Info.plist";
				LD_RUNPATH_SEARCH_PATHS = "$(inherited) @executable_path/Frameworks @loader_path/Frameworks";
				PRODUCT_NAME = "$(TARGET_NAME)";
				TEST_HOST = "$(BUILT_PRODUCTS_DIR)/WAT You Have.app/WAT You Have";
			};
			name = Debug;
		};
		2B3F41471A01839900DC4F46 /* Release */ = {
			isa = XCBuildConfiguration;
			buildSettings = {
				BUNDLE_LOADER = "$(TEST_HOST)";
				FRAMEWORK_SEARCH_PATHS = (
					"$(SDKROOT)/Developer/Library/Frameworks",
					"$(inherited)",
				);
				INFOPLIST_FILE = "WAT You HaveTests/Info.plist";
				LD_RUNPATH_SEARCH_PATHS = "$(inherited) @executable_path/Frameworks @loader_path/Frameworks";
				PRODUCT_NAME = "$(TARGET_NAME)";
				TEST_HOST = "$(BUILT_PRODUCTS_DIR)/WAT You Have.app/WAT You Have";
			};
			name = Release;
		};
/* End XCBuildConfiguration section */

/* Begin XCConfigurationList section */
		2B3F411C1A01839900DC4F46 /* Build configuration list for PBXProject "WAT You Have" */ = {
			isa = XCConfigurationList;
			buildConfigurations = (
				2B3F41401A01839900DC4F46 /* Debug */,
				2B3F41411A01839900DC4F46 /* Release */,
			);
			defaultConfigurationIsVisible = 0;
			defaultConfigurationName = Release;
		};
		2B3F41421A01839900DC4F46 /* Build configuration list for PBXNativeTarget "WAT You Have" */ = {
			isa = XCConfigurationList;
			buildConfigurations = (
				2B3F41431A01839900DC4F46 /* Debug */,
				2B3F41441A01839900DC4F46 /* Release */,
			);
			defaultConfigurationIsVisible = 0;
			defaultConfigurationName = Release;
		};
		2B3F41451A01839900DC4F46 /* Build configuration list for PBXNativeTarget "WAT You HaveTests" */ = {
			isa = XCConfigurationList;
			buildConfigurations = (
				2B3F41461A01839900DC4F46 /* Debug */,
				2B3F41471A01839900DC4F46 /* Release */,
			);
			defaultConfigurationIsVisible = 0;
			defaultConfigurationName = Release;
		};
/* End XCConfigurationList section */
	};
	rootObject = 2B3F41191A01839900DC4F46 /* Project object */;
}
